
Microsoft Visual Studio Solution File, Format Version 12.00
# Visual Studio Version 17
VisualStudioVersion = 17.10.35122.118
MinimumVisualStudioVersion = 10.0.40219.1
Project("{8BC9CEB8-8B4A-11D0-8D11-00A0C91BC942}") = "final2", "final2.vcxproj", "{5A934FD8-3F7E-4DC5-987F-85EEF1F74C7F}"
EndProject
Project("{8BC9CEB8-8B4A-11D0-8D11-00A0C91BC942}") = "dllka", "dllka\dllka.vcxproj", "{7F356DFA-6615-449A-9B14-64AB42F2EC60}"
EndProject
Global
	GlobalSection(SolutionConfigurationPlatforms) = preSolution
		Debug|x64 = Debug|x64
		Debug|x86 = Debug|x86
		Release|x64 = Release|x64
		Release|x86 = Release|x86
	EndGlobalSection
	GlobalSection(ProjectConfigurationPlatforms) = postSolution
		{5A934FD8-3F7E-4DC5-987F-85EEF1F74C7F}.Debug|x64.ActiveCfg = Debug|x64
		{5A934FD8-3F7E-4DC5-987F-85EEF1F74C7F}.Debug|x64.Build.0 = Debug|x64
		{5A934FD8-3F7E-4DC5-987F-85EEF1F74C7F}.Debug|x86.ActiveCfg = Debug|Win32
		{5A934FD8-3F7E-4DC5-987F-85EEF1F74C7F}.Debug|x86.Build.0 = Debug|Win32
		{5A934FD8-3F7E-4DC5-987F-85EEF1F74C7F}.Release|x64.ActiveCfg = Release|x64
		{5A934FD8-3F7E-4DC5-987F-85EEF1F74C7F}.Release|x64.Build.0 = Release|x64
		{5A934FD8-3F7E-4DC5-987F-85EEF1F74C7F}.Release|x86.ActiveCfg = Release|Win32
		{5A934FD8-3F7E-4DC5-987F-85EEF1F74C7F}.Release|x86.Build.0 = Release|Win32
		{7F356DFA-6615-449A-9B14-64AB42F2EC60}.Debug|x64.ActiveCfg = Debug|x64
		{7F356DFA-6615-449A-9B14-64AB42F2EC60}.Debug|x64.Build.0 = Debug|x64
		{7F356DFA-6615-449A-9B14-64AB42F2EC60}.Debug|x86.ActiveCfg = Debug|Win32
		{7F356DFA-6615-449A-9B14-64AB42F2EC60}.Debug|x86.Build.0 = Debug|Win32
		{7F356DFA-6615-449A-9B14-64AB42F2EC60}.Release|x64.ActiveCfg = Release|x64
		{7F356DFA-6615-449A-9B14-64AB42F2EC60}.Release|x64.Build.0 = Release|x64
		{7F356DFA-6615-449A-9B14-64AB42F2EC60}.Release|x86.ActiveCfg = Release|Win32
		{7F356DFA-6615-449A-9B14-64AB42F2EC60}.Release|x86.Build.0 = Release|Win32
	EndGlobalSection
	GlobalSection(SolutionProperties) = preSolution
		HideSolutionNode = FALSE
	EndGlobalSection
	GlobalSection(ExtensibilityGlobals) = postSolution
		SolutionGuid = {C7F720EE-F28B-4A61-9196-6D63969ED3AF}
	EndGlobalSection
EndGlobal
